
Microsoft Visual Studio Solution File, Format Version 12.00
# Visual Studio Version 17
VisualStudioVersion = 17.8.34330.188
MinimumVisualStudioVersion = 10.0.40219.1
Project("{9A19103F-16F7-4668-BE54-9A1E7A4F7556}") = "ValiantTemplate", "src\ValiantTemplate\ValiantTemplate.csproj", "{78A24AB1-99BF-4501-8AB8-2A68051928A1}"
EndProject
Global
	GlobalSection(SolutionConfigurationPlatforms) = preSolution
		Debug|Any CPU = Debug|Any CPU
		Release|Any CPU = Release|Any CPU
	EndGlobalSection
	GlobalSection(ProjectConfigurationPlatforms) = postSolution
		{78A24AB1-99BF-4501-8AB8-2A68051928A1}.Debug|Any CPU.ActiveCfg = Debug|Any CPU
		{78A24AB1-99BF-4501-8AB8-2A68051928A1}.Debug|Any CPU.Build.0 = Debug|Any CPU
		{78A24AB1-99BF-4501-8AB8-2A68051928A1}.Release|Any CPU.ActiveCfg = Release|Any CPU
		{78A24AB1-99BF-4501-8AB8-2A68051928A1}.Release|Any CPU.Build.0 = Release|Any CPU
	EndGlobalSection
	GlobalSection(SolutionProperties) = preSolution
		HideSolutionNode = FALSE
	EndGlobalSection
	GlobalSection(ExtensibilityGlobals) = postSolution
		SolutionGuid = {A7879E58-9294-4909-A59D-45BF29C2C006}
	EndGlobalSection
EndGlobal
